
Microsoft Visual Studio Solution File, Format Version 12.00
# Visual Studio Version 17
VisualStudioVersion = 17.8.34511.84
MinimumVisualStudioVersion = 10.0.40219.1
Project("{FAE04EC0-301F-11D3-BF4B-00C04F79EFBC}") = "Cursach", "Cursach\Cursach.csproj", "{4B927A6F-E3D0-4FBC-A405-34735B816E87}"
EndProject
Global
	GlobalSection(SolutionConfigurationPlatforms) = preSolution
		Debug|Any CPU = Debug|Any CPU
		Release|Any CPU = Release|Any CPU
	EndGlobalSection
	GlobalSection(ProjectConfigurationPlatforms) = postSolution
		{4B927A6F-E3D0-4FBC-A405-34735B816E87}.Debug|Any CPU.ActiveCfg = Debug|Any CPU
		{4B927A6F-E3D0-4FBC-A405-34735B816E87}.Debug|Any CPU.Build.0 = Debug|Any CPU
		{4B927A6F-E3D0-4FBC-A405-34735B816E87}.Release|Any CPU.ActiveCfg = Release|Any CPU
		{4B927A6F-E3D0-4FBC-A405-34735B816E87}.Release|Any CPU.Build.0 = Release|Any CPU
	EndGlobalSection
	GlobalSection(SolutionProperties) = preSolution
		HideSolutionNode = FALSE
	EndGlobalSection
	GlobalSection(ExtensibilityGlobals) = postSolution
		SolutionGuid = {C80541CD-41AC-4D0E-82CD-0CD71A10A35A}
	EndGlobalSection
EndGlobal
