
Microsoft Visual Studio Solution File, Format Version 12.00
# Visual Studio Version 17
VisualStudioVersion = 17.8.34511.84
MinimumVisualStudioVersion = 10.0.40219.1
Project("{FAE04EC0-301F-11D3-BF4B-00C04F79EFBC}") = "Server", "Server\Server.csproj", "{C01C1327-95E2-44A4-9C92-EA007930A34E}"
EndProject
Global
	GlobalSection(SolutionConfigurationPlatforms) = preSolution
		Debug|Any CPU = Debug|Any CPU
		Release|Any CPU = Release|Any CPU
	EndGlobalSection
	GlobalSection(ProjectConfigurationPlatforms) = postSolution
		{C01C1327-95E2-44A4-9C92-EA007930A34E}.Debug|Any CPU.ActiveCfg = Debug|Any CPU
		{C01C1327-95E2-44A4-9C92-EA007930A34E}.Debug|Any CPU.Build.0 = Debug|Any CPU
		{C01C1327-95E2-44A4-9C92-EA007930A34E}.Release|Any CPU.ActiveCfg = Release|Any CPU
		{C01C1327-95E2-44A4-9C92-EA007930A34E}.Release|Any CPU.Build.0 = Release|Any CPU
	EndGlobalSection
	GlobalSection(SolutionProperties) = preSolution
		HideSolutionNode = FALSE
	EndGlobalSection
	GlobalSection(ExtensibilityGlobals) = postSolution
		SolutionGuid = {803425D9-BDA2-4E2C-A40B-EB71E3940176}
	EndGlobalSection
EndGlobal
